<Solution>
  <Folder Name="/Solution Items/">
    <File Path=".runsettings" />
  </Folder>
  <Folder Name="/tests/">
    <Project Path="Todo.VSA.Api.Tests/Todo.VSA.Api.Tests.csproj" Id="9cf3f109-1765-4dd0-bae0-e8ddf6973a67" />
  </Folder>
  <Project Path="Todo.VSA.Api/Todo.VSA.Api.csproj" />
  <Project Path="Todo.VSA.DataAccess/Todo.VSA.DataAccess.csproj" />
  <Project Path="Todo.VSA.Model/Todo.VSA.Model.csproj" />
  <Project Path="Todo.VSA/Todo.VSA.csproj" Id="55278bd8-c732-4cd8-a17f-cde50a601fa6" />
</Solution>
